
Microsoft Visual Studio Solution File, Format Version 12.00
# Visual Studio Version 16
VisualStudioVersion = 16.0.32228.343
MinimumVisualStudioVersion = 10.0.40219.1
Project("{FAE04EC0-301F-11D3-BF4B-00C04F79EFBC}") = "Entities", "Entities\Entities.csproj", "{ECEF1B47-FDF1-48D1-91FF-0FFADD334820}"
EndProject
Project("{FAE04EC0-301F-11D3-BF4B-00C04F79EFBC}") = "DataAccess", "DataAccess\DataAccess.csproj", "{0A370E70-9308-4EC7-BA4C-9553DCF6D879}"
EndProject
Project("{FAE04EC0-301F-11D3-BF4B-00C04F79EFBC}") = "Core", "Core\Core.csproj", "{375AB37D-02B0-4418-8461-9CCC6B9A3925}"
EndProject
Project("{FAE04EC0-301F-11D3-BF4B-00C04F79EFBC}") = "Business", "Business\Business.csproj", "{56379A45-0F6B-402A-821C-D9E66C80A8B3}"
EndProject
Project("{FAE04EC0-301F-11D3-BF4B-00C04F79EFBC}") = "StoreManagementAPI", "StoreManagementAPI\StoreManagementAPI.csproj", "{BA1DC8A2-6E6C-45EC-A3ED-58C481175CE8}"
EndProject
Global
	GlobalSection(SolutionConfigurationPlatforms) = preSolution
		Debug|Any CPU = Debug|Any CPU
		Release|Any CPU = Release|Any CPU
	EndGlobalSection
	GlobalSection(ProjectConfigurationPlatforms) = postSolution
		{ECEF1B47-FDF1-48D1-91FF-0FFADD334820}.Debug|Any CPU.ActiveCfg = Debug|Any CPU
		{ECEF1B47-FDF1-48D1-91FF-0FFADD334820}.Debug|Any CPU.Build.0 = Debug|Any CPU
		{ECEF1B47-FDF1-48D1-91FF-0FFADD334820}.Release|Any CPU.ActiveCfg = Release|Any CPU
		{ECEF1B47-FDF1-48D1-91FF-0FFADD334820}.Release|Any CPU.Build.0 = Release|Any CPU
		{0A370E70-9308-4EC7-BA4C-9553DCF6D879}.Debug|Any CPU.ActiveCfg = Debug|Any CPU
		{0A370E70-9308-4EC7-BA4C-9553DCF6D879}.Debug|Any CPU.Build.0 = Debug|Any CPU
		{0A370E70-9308-4EC7-BA4C-9553DCF6D879}.Release|Any CPU.ActiveCfg = Release|Any CPU
		{0A370E70-9308-4EC7-BA4C-9553DCF6D879}.Release|Any CPU.Build.0 = Release|Any CPU
		{375AB37D-02B0-4418-8461-9CCC6B9A3925}.Debug|Any CPU.ActiveCfg = Debug|Any CPU
		{375AB37D-02B0-4418-8461-9CCC6B9A3925}.Debug|Any CPU.Build.0 = Debug|Any CPU
		{375AB37D-02B0-4418-8461-9CCC6B9A3925}.Release|Any CPU.ActiveCfg = Release|Any CPU
		{375AB37D-02B0-4418-8461-9CCC6B9A3925}.Release|Any CPU.Build.0 = Release|Any CPU
		{56379A45-0F6B-402A-821C-D9E66C80A8B3}.Debug|Any CPU.ActiveCfg = Debug|Any CPU
		{56379A45-0F6B-402A-821C-D9E66C80A8B3}.Debug|Any CPU.Build.0 = Debug|Any CPU
		{56379A45-0F6B-402A-821C-D9E66C80A8B3}.Release|Any CPU.ActiveCfg = Release|Any CPU
		{56379A45-0F6B-402A-821C-D9E66C80A8B3}.Release|Any CPU.Build.0 = Release|Any CPU
		{BA1DC8A2-6E6C-45EC-A3ED-58C481175CE8}.Debug|Any CPU.ActiveCfg = Debug|Any CPU
		{BA1DC8A2-6E6C-45EC-A3ED-58C481175CE8}.Debug|Any CPU.Build.0 = Debug|Any CPU
		{BA1DC8A2-6E6C-45EC-A3ED-58C481175CE8}.Release|Any CPU.ActiveCfg = Release|Any CPU
		{BA1DC8A2-6E6C-45EC-A3ED-58C481175CE8}.Release|Any CPU.Build.0 = Release|Any CPU
	EndGlobalSection
	GlobalSection(SolutionProperties) = preSolution
		HideSolutionNode = FALSE
	EndGlobalSection
	GlobalSection(ExtensibilityGlobals) = postSolution
		SolutionGuid = {5F5EC85C-8E82-463B-8370-A783D5580A4C}
	EndGlobalSection
EndGlobal
